
Microsoft Visual Studio Solution File, Format Version 12.00
# Visual Studio Version 16
VisualStudioVersion = 16.0.30011.22
MinimumVisualStudioVersion = 10.0.40219.1
Project("{FAE04EC0-301F-11D3-BF4B-00C04F79EFBC}") = "Kriptoloji_SHA384", "Kriptoloji_SHA384\Kriptoloji_SHA384.csproj", "{16FD9DAA-2BD8-487D-9CAE-5A9FC6FD1F54}"
EndProject
Global
	GlobalSection(SolutionConfigurationPlatforms) = preSolution
		Debug|Any CPU = Debug|Any CPU
		Release|Any CPU = Release|Any CPU
	EndGlobalSection
	GlobalSection(ProjectConfigurationPlatforms) = postSolution
		{16FD9DAA-2BD8-487D-9CAE-5A9FC6FD1F54}.Debug|Any CPU.ActiveCfg = Debug|Any CPU
		{16FD9DAA-2BD8-487D-9CAE-5A9FC6FD1F54}.Debug|Any CPU.Build.0 = Debug|Any CPU
		{16FD9DAA-2BD8-487D-9CAE-5A9FC6FD1F54}.Release|Any CPU.ActiveCfg = Release|Any CPU
		{16FD9DAA-2BD8-487D-9CAE-5A9FC6FD1F54}.Release|Any CPU.Build.0 = Release|Any CPU
	EndGlobalSection
	GlobalSection(SolutionProperties) = preSolution
		HideSolutionNode = FALSE
	EndGlobalSection
	GlobalSection(ExtensibilityGlobals) = postSolution
		SolutionGuid = {3FDEDFA6-796E-4BBC-B6B0-5122751E3248}
	EndGlobalSection
EndGlobal
